// !$*UTF8*$!
{
	archiveVersion = 1;
	classes = {
	};
	objectVersion = 46;
	objects = {

/* Begin PBXBuildFile section */
		9616020D2678949E980D3631 /* Pods_MFSCalendar.framework in Frameworks */ = {isa = PBXBuildFile; fileRef = 9C9307D95D24FE30AFAEDD40 /* Pods_MFSCalendar.framework */; };
		A81D57C8AAC5C7709E22D1CB /* Pods_MFSCalendar.framework in Frameworks */ = {isa = PBXBuildFile; fileRef = E48F15A81F74687200A36904 /* Pods_MFSCalendar.framework */; };
		E413AB0E1EE89441001EB189 /* Achievement.png in Resources */ = {isa = PBXBuildFile; fileRef = E413AB0D1EE89441001EB189 /* Achievement.png */; };
		E413AB101EE89683001EB189 /* questionmark.png in Resources */ = {isa = PBXBuildFile; fileRef = E413AB0F1EE89683001EB189 /* questionmark.png */; };
		E413AB121EE8A796001EB189 /* brush_pencil.png in Resources */ = {isa = PBXBuildFile; fileRef = E413AB111EE8A796001EB189 /* brush_pencil.png */; };
		E413AB141EE8AF87001EB189 /* School_building.png in Resources */ = {isa = PBXBuildFile; fileRef = E413AB131EE8AF87001EB189 /* School_building.png */; };
		E41DE2F81EFA4293001155E9 /* No_homework.png in Resources */ = {isa = PBXBuildFile; fileRef = E41DE2F71EFA4293001155E9 /* No_homework.png */; };
		E42786881F568A5F00583D1E /* AboutViewController.swift in Sources */ = {isa = PBXBuildFile; fileRef = E42786871F568A5F00583D1E /* AboutViewController.swift */; };
		E427868A1F568EB100583D1E /* ProfileViewController.swift in Sources */ = {isa = PBXBuildFile; fileRef = E42786891F568EB100583D1E /* ProfileViewController.swift */; };
		E436EDC41F96E3AF00395DA5 /* MenuService.png in Resources */ = {isa = PBXBuildFile; fileRef = E436EDC31F96E3A000395DA5 /* MenuService.png */; };
		E440F1BC1EEA7F4E004AFD0B /* MoyaNetworkLayer.swift in Sources */ = {isa = PBXBuildFile; fileRef = E440F1BB1EEA7F4E004AFD0B /* MoyaNetworkLayer.swift */; };
		E445E73E1EAD8B7D00794560 /* MoreViewController.swift in Sources */ = {isa = PBXBuildFile; fileRef = E445E73D1EAD8B7D00794560 /* MoreViewController.swift */; };
		E44632501F9BB020004F8E2E /* LaunchScreen.storyboard in Resources */ = {isa = PBXBuildFile; fileRef = E4F86B3C1DF0E20C00CAD72B /* LaunchScreen.storyboard */; };
		E44DCD921EB80E0600CEB68A /* School.jpg in Resources */ = {isa = PBXBuildFile; fileRef = E44DCD911EB80E0600CEB68A /* School.jpg */; };
		E453F0D11EA137D900BCE58D /* CalendarViewController.swift in Sources */ = {isa = PBXBuildFile; fileRef = E453F0D01EA137D900BCE58D /* CalendarViewController.swift */; };
		E45476EB1E8B3607004466D0 /* th-menu2.png in Resources */ = {isa = PBXBuildFile; fileRef = E45476EA1E8B3607004466D0 /* th-menu2.png */; };
		E45510EF1F4D6F09001CF9BE /* GroupPossibleContent.plist in Resources */ = {isa = PBXBuildFile; fileRef = E45510EE1F4D6F09001CF9BE /* GroupPossibleContent.plist */; };
		E472A1601EFB6F8400EF5A74 /* ClassDetailViewController.swift in Sources */ = {isa = PBXBuildFile; fileRef = E472A15F1EFB6F8400EF5A74 /* ClassDetailViewController.swift */; };
		E472A1621EFB72EA00EF5A74 /* SettingViewController.swift in Sources */ = {isa = PBXBuildFile; fileRef = E472A1611EFB72EA00EF5A74 /* SettingViewController.swift */; };
		E472A1641EFB735C00EF5A74 /* ClassListViewController.swift in Sources */ = {isa = PBXBuildFile; fileRef = E472A1631EFB735C00EF5A74 /* ClassListViewController.swift */; };
		E4765E171F7D74AF009F60F0 /* InfoPlist.strings in Resources */ = {isa = PBXBuildFile; fileRef = E484E65A1EFA337F0056F2D5 /* InfoPlist.strings */; };
		E4775A411F9A5022002170C7 /* MenuWarning.png in Resources */ = {isa = PBXBuildFile; fileRef = E4775A401F9A500C002170C7 /* MenuWarning.png */; };
		E47DA48A1F81A091005FA2FC /* AppLogo.png in Resources */ = {isa = PBXBuildFile; fileRef = E47DA4891F819F3A005FA2FC /* AppLogo.png */; };
		E484E6551EFA33260056F2D5 /* Localizable.strings in Resources */ = {isa = PBXBuildFile; fileRef = E484E6541EFA33260056F2D5 /* Localizable.strings */; };
		E489F6C71F5A821E00F2269F /* ProjectPublicFunctions.swift in Sources */ = {isa = PBXBuildFile; fileRef = E489F6C61F5A821E00F2269F /* ProjectPublicFunctions.swift */; };
		E489F6C81F5A825A00F2269F /* ProjectPublicFunctions.swift in Sources */ = {isa = PBXBuildFile; fileRef = E489F6C61F5A821E00F2269F /* ProjectPublicFunctions.swift */; };
		E48B85A91F96691D000DC288 /* NewMoreViewController.swift in Sources */ = {isa = PBXBuildFile; fileRef = E48B85A81F96691D000DC288 /* NewMoreViewController.swift */; };
		E48CE0981F9FA6BB007B53D0 /* UserDefaults.swift in Sources */ = {isa = PBXBuildFile; fileRef = E48CE0971F9FA6BB007B53D0 /* UserDefaults.swift */; };
		E48D4DF01E61F275008B0A97 /* ADayViewController.swift in Sources */ = {isa = PBXBuildFile; fileRef = E48D4DEF1E61F275008B0A97 /* ADayViewController.swift */; };
		E48D4DFA1E61F5EC008B0A97 /* BlankArray.plist in Resources */ = {isa = PBXBuildFile; fileRef = E48D4DF91E61F5EC008B0A97 /* BlankArray.plist */; };
		E48D4E021E61FC26008B0A97 /* NotificationCenter.framework in Frameworks */ = {isa = PBXBuildFile; fileRef = E48D4E011E61FC26008B0A97 /* NotificationCenter.framework */; };
		E48D4E051E61FC26008B0A97 /* TodayViewController.swift in Sources */ = {isa = PBXBuildFile; fileRef = E48D4E041E61FC26008B0A97 /* TodayViewController.swift */; };
		E48D4E081E61FC26008B0A97 /* MainInterface.storyboard in Resources */ = {isa = PBXBuildFile; fileRef = E48D4E061E61FC26008B0A97 /* MainInterface.storyboard */; };
		E48D4E0C1E61FC26008B0A97 /* Class Schedule.appex in Embed App Extensions */ = {isa = PBXBuildFile; fileRef = E48D4DFF1E61FC25008B0A97 /* Class Schedule.appex */; settings = {ATTRIBUTES = (RemoveHeadersOnCopy, ); }; };
		E48F15531F745BF400A36904 /* MFSCalendarTests.swift in Sources */ = {isa = PBXBuildFile; fileRef = E48F15521F745BF400A36904 /* MFSCalendarTests.swift */; };
		E49321881F5D32E800C65067 /* .travis.yml in Resources */ = {isa = PBXBuildFile; fileRef = E49321871F5D32E800C65067 /* .travis.yml */; };
		E495229C1F96CD6900C17A83 /* MenuAbout.png in Resources */ = {isa = PBXBuildFile; fileRef = E49522981F96C4A900C17A83 /* MenuAbout.png */; };
		E495229D1F96CD6900C17A83 /* MenuCourses.png in Resources */ = {isa = PBXBuildFile; fileRef = E49522991F96C4AA00C17A83 /* MenuCourses.png */; };
		E495229E1F96CD6900C17A83 /* MenuLogout.png in Resources */ = {isa = PBXBuildFile; fileRef = E495229B1F96C4AB00C17A83 /* MenuLogout.png */; };
		E495229F1F96CD6900C17A83 /* MenuLunch.png in Resources */ = {isa = PBXBuildFile; fileRef = E495229A1F96C4AB00C17A83 /* MenuLunch.png */; };
		E49522A11F96DFA200C17A83 /* Arrowhead-Right.png in Resources */ = {isa = PBXBuildFile; fileRef = E49522A01F96DF3900C17A83 /* Arrowhead-Right.png */; };
		E49E53401F990524003011A6 /* MSIntro.png in Resources */ = {isa = PBXBuildFile; fileRef = E49E533F1F990507003011A6 /* MSIntro.png */; };
		E49E53421F995156003011A6 /* MobileServeIntroViewController.swift in Sources */ = {isa = PBXBuildFile; fileRef = E49E53411F995156003011A6 /* MobileServeIntroViewController.swift */; };
		E4A880BD1DF279BB00816AB7 /* MFS Logo.jpg in Resources */ = {isa = PBXBuildFile; fileRef = E4A880BC1DF279BB00816AB7 /* MFS Logo.jpg */; };
		E4AAD1611EE8CC9E00E4E5EC /* bell.png in Resources */ = {isa = PBXBuildFile; fileRef = E4AAD1601EE8CC9E00E4E5EC /* bell.png */; };
		E4ADC9EE1E882172002A46F7 /* Extensions.swift in Sources */ = {isa = PBXBuildFile; fileRef = E4ADC9ED1E882172002A46F7 /* Extensions.swift */; };
		E4B340041F0891AE00D6039A /* ClassPagerViewController.swift in Sources */ = {isa = PBXBuildFile; fileRef = E4B340031F0891AE00D6039A /* ClassPagerViewController.swift */; };
		E4B340061F08942000D6039A /* classTopicViewController.swift in Sources */ = {isa = PBXBuildFile; fileRef = E4B340051F08942000D6039A /* classTopicViewController.swift */; };
		E4B340081F0905EB00D6039A /* GoogleService-Info.plist in Resources */ = {isa = PBXBuildFile; fileRef = E4B340071F0905EB00D6039A /* GoogleService-Info.plist */; };
		E4B3400A1F0905F400D6039A /* GoogleService-Info.plist in Resources */ = {isa = PBXBuildFile; fileRef = E4B340091F0905F400D6039A /* GoogleService-Info.plist */; };
		E4B6F4C11F746AE600F56C4D /* MFSCalendarUITests.swift in Sources */ = {isa = PBXBuildFile; fileRef = E48F15601F7467D900A36904 /* MFSCalendarUITests.swift */; };
		E4BD88961F35973C0000FEF3 /* TargetPublicFunctions.swift in Sources */ = {isa = PBXBuildFile; fileRef = E4BD88951F35973C0000FEF3 /* TargetPublicFunctions.swift */; };
		E4BD88981F383A060000FEF3 /* ClassTimetableViewController.swift in Sources */ = {isa = PBXBuildFile; fileRef = E4BD88971F383A060000FEF3 /* ClassTimetableViewController.swift */; };
		E4BD889A1F397BE80000FEF3 /* TopicDetailViewController.swift in Sources */ = {isa = PBXBuildFile; fileRef = E4BD88991F397BE80000FEF3 /* TopicDetailViewController.swift */; };
		E4C46A2E1ED50CD3007F8F1A /* CourseFillViewController.swift in Sources */ = {isa = PBXBuildFile; fileRef = E4C46A2D1ED50CD3007F8F1A /* CourseFillViewController.swift */; };
		E4CA1DAE1F50097D0061784A /* Acknowledgements.markdown in Resources */ = {isa = PBXBuildFile; fileRef = E4CA1DAC1F5007C40061784A /* Acknowledgements.markdown */; };
		E4CE43991EAC36F3000D743B /* BlankDictionary.plist in Resources */ = {isa = PBXBuildFile; fileRef = E4CE43981EAC36F3000D743B /* BlankDictionary.plist */; };
		E4CE439B1EAD0D51000D743B /* LoginViewController.swift in Sources */ = {isa = PBXBuildFile; fileRef = E4CE439A1EAD0D51000D743B /* LoginViewController.swift */; };
		E4D3A1AE1E123D0200F709DC /* periodPicker.plist in Resources */ = {isa = PBXBuildFile; fileRef = E4D3A1AD1E123D0200F709DC /* periodPicker.plist */; };
		E4DAB5B11F6386640013D943 /* HomeworkDetailViewController.swift in Sources */ = {isa = PBXBuildFile; fileRef = E4DAB5B01F6386640013D943 /* HomeworkDetailViewController.swift */; };
		E4E8B21A1F1C5AF200913DAE /* GradeViewController.swift in Sources */ = {isa = PBXBuildFile; fileRef = E4E8B2191F1C5AF200913DAE /* GradeViewController.swift */; };
		E4EBD9961F9BAAED0046CAD1 /* AirshipConfig.plist in Resources */ = {isa = PBXBuildFile; fileRef = E4EBD9951F9BAAED0046CAD1 /* AirshipConfig.plist */; };
		E4EEFB131DF274EA00F199BE /* Images.xcassets in Resources */ = {isa = PBXBuildFile; fileRef = E4EEFB121DF274EA00F199BE /* Images.xcassets */; };
		E4F0B3751EAD1BE900C923A8 /* dayPicker.plist in Resources */ = {isa = PBXBuildFile; fileRef = E4F0B3741EAD1BE900C923A8 /* dayPicker.plist */; };
		E4F86B311DF0E20C00CAD72B /* AppDelegate.swift in Sources */ = {isa = PBXBuildFile; fileRef = E4F86B301DF0E20C00CAD72B /* AppDelegate.swift */; };
		E4F86B331DF0E20C00CAD72B /* MainViewController.swift in Sources */ = {isa = PBXBuildFile; fileRef = E4F86B321DF0E20C00CAD72B /* MainViewController.swift */; };
		E4F86B361DF0E20C00CAD72B /* Main.storyboard in Resources */ = {isa = PBXBuildFile; fileRef = E4F86B341DF0E20C00CAD72B /* Main.storyboard */; };
		E4F86B391DF0E20C00CAD72B /* MFSCalender.xcdatamodeld in Sources */ = {isa = PBXBuildFile; fileRef = E4F86B371DF0E20C00CAD72B /* MFSCalender.xcdatamodeld */; };
		E4F86B3B1DF0E20C00CAD72B /* Assets.xcassets in Resources */ = {isa = PBXBuildFile; fileRef = E4F86B3A1DF0E20C00CAD72B /* Assets.xcassets */; };
		E4F8D4E41EF0DD2200F47525 /* HomeworkViewController.swift in Sources */ = {isa = PBXBuildFile; fileRef = E4F8D4E31EF0DD2200F47525 /* HomeworkViewController.swift */; };
		E4FB5A8B1F96E82400D7FED1 /* CourseBackground.jpg in Resources */ = {isa = PBXBuildFile; fileRef = E4FB5A8A1F96E81000D7FED1 /* CourseBackground.jpg */; };
/* End PBXBuildFile section */

/* Begin PBXContainerItemProxy section */
		E48D4E0A1E61FC26008B0A97 /* PBXContainerItemProxy */ = {
			isa = PBXContainerItemProxy;
			containerPortal = E4F86B251DF0E20C00CAD72B /* Project object */;
			proxyType = 1;
			remoteGlobalIDString = E48D4DFE1E61FC25008B0A97;
			remoteInfo = "Class Schedule";
		};
		E48F15551F745BF400A36904 /* PBXContainerItemProxy */ = {
			isa = PBXContainerItemProxy;
			containerPortal = E4F86B251DF0E20C00CAD72B /* Project object */;
			proxyType = 1;
			remoteGlobalIDString = E4F86B2C1DF0E20C00CAD72B;
			remoteInfo = MFSCalendar;
		};
		E48F15631F7467D900A36904 /* PBXContainerItemProxy */ = {
			isa = PBXContainerItemProxy;
			containerPortal = E4F86B251DF0E20C00CAD72B /* Project object */;
			proxyType = 1;
			remoteGlobalIDString = E4F86B2C1DF0E20C00CAD72B;
			remoteInfo = MFSCalendar;
		};
/* End PBXContainerItemProxy section */

/* Begin PBXCopyFilesBuildPhase section */
		E40D87BD1E8894910082523D /* Embed Watch Content */ = {
			isa = PBXCopyFilesBuildPhase;
			buildActionMask = 2147483647;
			dstPath = "$(CONTENTS_FOLDER_PATH)/Watch";
			dstSubfolderSpec = 16;
			files = (
			);
			name = "Embed Watch Content";
			runOnlyForDeploymentPostprocessing = 0;
		};
		E48D4E101E61FC26008B0A97 /* Embed App Extensions */ = {
			isa = PBXCopyFilesBuildPhase;
			buildActionMask = 2147483647;
			dstPath = "";
			dstSubfolderSpec = 13;
			files = (
				E48D4E0C1E61FC26008B0A97 /* Class Schedule.appex in Embed App Extensions */,
			);
			name = "Embed App Extensions";
			runOnlyForDeploymentPostprocessing = 0;
		};
/* End PBXCopyFilesBuildPhase section */

/* Begin PBXFileReference section */
		9C9307D95D24FE30AFAEDD40 /* Pods_MFSCalendar.framework */ = {isa = PBXFileReference; explicitFileType = wrapper.framework; includeInIndex = 0; path = Pods_MFSCalendar.framework; sourceTree = BUILT_PRODUCTS_DIR; };
		B710C5F6924F68DB86B70E20 /* Pods-MFSCalendar.debug.xcconfig */ = {isa = PBXFileReference; includeInIndex = 1; lastKnownFileType = text.xcconfig; name = "Pods-MFSCalendar.debug.xcconfig"; path = "Pods/Target Support Files/Pods-MFSCalendar/Pods-MFSCalendar.debug.xcconfig"; sourceTree = "<group>"; };
		E413AB0D1EE89441001EB189 /* Achievement.png */ = {isa = PBXFileReference; lastKnownFileType = image.png; path = Achievement.png; sourceTree = "<group>"; };
		E413AB0F1EE89683001EB189 /* questionmark.png */ = {isa = PBXFileReference; lastKnownFileType = image.png; path = questionmark.png; sourceTree = "<group>"; };
		E413AB111EE8A796001EB189 /* brush_pencil.png */ = {isa = PBXFileReference; lastKnownFileType = image.png; path = brush_pencil.png; sourceTree = "<group>"; };
		E413AB131EE8AF87001EB189 /* School_building.png */ = {isa = PBXFileReference; lastKnownFileType = image.png; path = School_building.png; sourceTree = "<group>"; };
		E41DE2F71EFA4293001155E9 /* No_homework.png */ = {isa = PBXFileReference; lastKnownFileType = image.png; path = No_homework.png; sourceTree = "<group>"; };
		E42786871F568A5F00583D1E /* AboutViewController.swift */ = {isa = PBXFileReference; fileEncoding = 4; lastKnownFileType = sourcecode.swift; path = AboutViewController.swift; sourceTree = "<group>"; };
		E42786891F568EB100583D1E /* ProfileViewController.swift */ = {isa = PBXFileReference; fileEncoding = 4; lastKnownFileType = sourcecode.swift; path = ProfileViewController.swift; sourceTree = "<group>"; };
		E436EDC31F96E3A000395DA5 /* MenuService.png */ = {isa = PBXFileReference; lastKnownFileType = image.png; path = MenuService.png; sourceTree = "<group>"; };
		E440F1BB1EEA7F4E004AFD0B /* MoyaNetworkLayer.swift */ = {isa = PBXFileReference; fileEncoding = 4; lastKnownFileType = sourcecode.swift; name = MoyaNetworkLayer.swift; path = ../MoyaNetworkLayer.swift; sourceTree = "<group>"; };
		E44484D71E13A105002C68D5 /* MFSCalender.entitlements */ = {isa = PBXFileReference; lastKnownFileType = text.plist.entitlements; path = MFSCalender.entitlements; sourceTree = "<group>"; };
		E445E73D1EAD8B7D00794560 /* MoreViewController.swift */ = {isa = PBXFileReference; fileEncoding = 4; lastKnownFileType = sourcecode.swift; path = MoreViewController.swift; sourceTree = "<group>"; };
		E44DCD911EB80E0600CEB68A /* School.jpg */ = {isa = PBXFileReference; lastKnownFileType = image.jpeg; path = School.jpg; sourceTree = "<group>"; };
		E453F0D01EA137D900BCE58D /* CalendarViewController.swift */ = {isa = PBXFileReference; fileEncoding = 4; lastKnownFileType = sourcecode.swift; lineEnding = 0; path = CalendarViewController.swift; sourceTree = "<group>"; xcLanguageSpecificationIdentifier = xcode.lang.swift; };
		E45476EA1E8B3607004466D0 /* th-menu2.png */ = {isa = PBXFileReference; lastKnownFileType = image.png; path = "th-menu2.png"; sourceTree = "<group>"; };
		E45510EE1F4D6F09001CF9BE /* GroupPossibleContent.plist */ = {isa = PBXFileReference; fileEncoding = 4; lastKnownFileType = text.plist.xml; path = GroupPossibleContent.plist; sourceTree = "<group>"; };
		E472A15F1EFB6F8400EF5A74 /* ClassDetailViewController.swift */ = {isa = PBXFileReference; fileEncoding = 4; lastKnownFileType = sourcecode.swift; path = ClassDetailViewController.swift; sourceTree = "<group>"; };
		E472A1611EFB72EA00EF5A74 /* SettingViewController.swift */ = {isa = PBXFileReference; fileEncoding = 4; lastKnownFileType = sourcecode.swift; path = SettingViewController.swift; sourceTree = "<group>"; };
		E472A1631EFB735C00EF5A74 /* ClassListViewController.swift */ = {isa = PBXFileReference; fileEncoding = 4; lastKnownFileType = sourcecode.swift; path = ClassListViewController.swift; sourceTree = "<group>"; };
		E4775A401F9A500C002170C7 /* MenuWarning.png */ = {isa = PBXFileReference; lastKnownFileType = image.png; path = MenuWarning.png; sourceTree = "<group>"; };
		E47DA4891F819F3A005FA2FC /* AppLogo.png */ = {isa = PBXFileReference; lastKnownFileType = image.png; path = AppLogo.png; sourceTree = "<group>"; };
		E484E6541EFA33260056F2D5 /* Localizable.strings */ = {isa = PBXFileReference; fileEncoding = 4; lastKnownFileType = text.plist.strings; path = Localizable.strings; sourceTree = "<group>"; };
		E484E6591EFA337F0056F2D5 /* en */ = {isa = PBXFileReference; lastKnownFileType = text.plist.strings; name = en; path = en.lproj/InfoPlist.strings; sourceTree = "<group>"; };
		E484E65B1EFA338B0056F2D5 /* zh-Hans */ = {isa = PBXFileReference; lastKnownFileType = text.plist.strings; name = "zh-Hans"; path = "zh-Hans.lproj/InfoPlist.strings"; sourceTree = "<group>"; };
		E489F6C61F5A821E00F2269F /* ProjectPublicFunctions.swift */ = {isa = PBXFileReference; fileEncoding = 4; lastKnownFileType = sourcecode.swift; path = ProjectPublicFunctions.swift; sourceTree = "<group>"; };
		E48B85A81F96691D000DC288 /* NewMoreViewController.swift */ = {isa = PBXFileReference; lastKnownFileType = sourcecode.swift; path = NewMoreViewController.swift; sourceTree = "<group>"; };
		E48C89E61F71A8EA00D01B61 /* Base */ = {isa = PBXFileReference; lastKnownFileType = file.storyboard; name = Base; path = Base.lproj/MainInterface.storyboard; sourceTree = "<group>"; };
		E48CE0971F9FA6BB007B53D0 /* UserDefaults.swift */ = {isa = PBXFileReference; lastKnownFileType = sourcecode.swift; path = UserDefaults.swift; sourceTree = "<group>"; };
		E48D4DEF1E61F275008B0A97 /* ADayViewController.swift */ = {isa = PBXFileReference; fileEncoding = 4; lastKnownFileType = sourcecode.swift; lineEnding = 0; path = ADayViewController.swift; sourceTree = "<group>"; xcLanguageSpecificationIdentifier = xcode.lang.swift; };
		E48D4DF91E61F5EC008B0A97 /* BlankArray.plist */ = {isa = PBXFileReference; fileEncoding = 4; lastKnownFileType = text.plist.xml; path = BlankArray.plist; sourceTree = "<group>"; };
		E48D4DFF1E61FC25008B0A97 /* Class Schedule.appex */ = {isa = PBXFileReference; explicitFileType = "wrapper.app-extension"; includeInIndex = 0; path = "Class Schedule.appex"; sourceTree = BUILT_PRODUCTS_DIR; };
		E48D4E011E61FC26008B0A97 /* NotificationCenter.framework */ = {isa = PBXFileReference; lastKnownFileType = wrapper.framework; name = NotificationCenter.framework; path = System/Library/Frameworks/NotificationCenter.framework; sourceTree = SDKROOT; };
		E48D4E041E61FC26008B0A97 /* TodayViewController.swift */ = {isa = PBXFileReference; lastKnownFileType = sourcecode.swift; lineEnding = 0; path = TodayViewController.swift; sourceTree = "<group>"; xcLanguageSpecificationIdentifier = xcode.lang.swift; };
		E48D4E091E61FC26008B0A97 /* Info.plist */ = {isa = PBXFileReference; lastKnownFileType = text.plist.xml; path = Info.plist; sourceTree = "<group>"; };
		E48D4E111E620698008B0A97 /* Class Schedule.entitlements */ = {isa = PBXFileReference; lastKnownFileType = text.plist.entitlements; path = "Class Schedule.entitlements"; sourceTree = "<group>"; };
		E48F15501F745BF400A36904 /* MFSMobileTests.xctest */ = {isa = PBXFileReference; explicitFileType = wrapper.cfbundle; includeInIndex = 0; path = MFSMobileTests.xctest; sourceTree = BUILT_PRODUCTS_DIR; };
		E48F15521F745BF400A36904 /* MFSCalendarTests.swift */ = {isa = PBXFileReference; lastKnownFileType = sourcecode.swift; path = MFSCalendarTests.swift; sourceTree = "<group>"; };
		E48F15541F745BF400A36904 /* Info.plist */ = {isa = PBXFileReference; lastKnownFileType = text.plist.xml; path = Info.plist; sourceTree = "<group>"; };
		E48F155E1F7467D900A36904 /* MFSMobileUITests.xctest */ = {isa = PBXFileReference; explicitFileType = wrapper.cfbundle; includeInIndex = 0; path = MFSMobileUITests.xctest; sourceTree = BUILT_PRODUCTS_DIR; };
		E48F15601F7467D900A36904 /* MFSCalendarUITests.swift */ = {isa = PBXFileReference; lastKnownFileType = sourcecode.swift; path = MFSCalendarUITests.swift; sourceTree = "<group>"; };
		E48F15621F7467D900A36904 /* Info.plist */ = {isa = PBXFileReference; lastKnownFileType = text.plist.xml; path = Info.plist; sourceTree = "<group>"; };
		E48F159A1F74687200A36904 /* Alamofire.framework */ = {isa = PBXFileReference; explicitFileType = wrapper.framework; path = Alamofire.framework; sourceTree = BUILT_PRODUCTS_DIR; };
		E48F159B1F74687200A36904 /* DGElasticPullToRefresh.framework */ = {isa = PBXFileReference; explicitFileType = wrapper.framework; path = DGElasticPullToRefresh.framework; sourceTree = BUILT_PRODUCTS_DIR; };
		E48F159C1F74687200A36904 /* Down.framework */ = {isa = PBXFileReference; explicitFileType = wrapper.framework; path = Down.framework; sourceTree = BUILT_PRODUCTS_DIR; };
		E48F159D1F74687200A36904 /* DZNEmptyDataSet.framework */ = {isa = PBXFileReference; explicitFileType = wrapper.framework; path = DZNEmptyDataSet.framework; sourceTree = BUILT_PRODUCTS_DIR; };
		E48F159E1F74687200A36904 /* FSCalendar.framework */ = {isa = PBXFileReference; explicitFileType = wrapper.framework; path = FSCalendar.framework; sourceTree = BUILT_PRODUCTS_DIR; };
		E48F159F1F74687200A36904 /* GoogleToolboxForMac.framework */ = {isa = PBXFileReference; explicitFileType = wrapper.framework; path = GoogleToolboxForMac.framework; sourceTree = BUILT_PRODUCTS_DIR; };
		E48F15A01F74687200A36904 /* GTMSessionFetcher.framework */ = {isa = PBXFileReference; explicitFileType = wrapper.framework; path = GTMSessionFetcher.framework; sourceTree = BUILT_PRODUCTS_DIR; };
		E48F15A11F74687200A36904 /* JSQWebViewController.framework */ = {isa = PBXFileReference; explicitFileType = wrapper.framework; path = JSQWebViewController.framework; sourceTree = BUILT_PRODUCTS_DIR; };
		E48F15A21F74687200A36904 /* LTMorphingLabel.framework */ = {isa = PBXFileReference; explicitFileType = wrapper.framework; path = LTMorphingLabel.framework; sourceTree = BUILT_PRODUCTS_DIR; };
		E48F15A31F74687200A36904 /* M13Checkbox.framework */ = {isa = PBXFileReference; explicitFileType = wrapper.framework; path = M13Checkbox.framework; sourceTree = BUILT_PRODUCTS_DIR; };
		E48F15A41F74687200A36904 /* M13ProgressSuite.framework */ = {isa = PBXFileReference; explicitFileType = wrapper.framework; path = M13ProgressSuite.framework; sourceTree = BUILT_PRODUCTS_DIR; };
		E48F15A51F74687200A36904 /* Moya.framework */ = {isa = PBXFileReference; explicitFileType = wrapper.framework; path = Moya.framework; sourceTree = BUILT_PRODUCTS_DIR; };
		E48F15A61F74687200A36904 /* nanopb.framework */ = {isa = PBXFileReference; explicitFileType = wrapper.framework; path = nanopb.framework; sourceTree = BUILT_PRODUCTS_DIR; };
		E48F15A71F74687200A36904 /* NVActivityIndicatorView.framework */ = {isa = PBXFileReference; explicitFileType = wrapper.framework; path = NVActivityIndicatorView.framework; sourceTree = BUILT_PRODUCTS_DIR; };
		E48F15A81F74687200A36904 /* Pods_MFSCalendar.framework */ = {isa = PBXFileReference; explicitFileType = wrapper.framework; path = Pods_MFSCalendar.framework; sourceTree = BUILT_PRODUCTS_DIR; };
		E48F15A91F74687200A36904 /* Protobuf.framework */ = {isa = PBXFileReference; explicitFileType = wrapper.framework; path = Protobuf.framework; sourceTree = BUILT_PRODUCTS_DIR; };
		E48F15AA1F74687200A36904 /* ReachabilitySwift.framework */ = {isa = PBXFileReference; explicitFileType = wrapper.framework; path = ReachabilitySwift.framework; sourceTree = BUILT_PRODUCTS_DIR; };
		E48F15AB1F74687200A36904 /* Result.framework */ = {isa = PBXFileReference; explicitFileType = wrapper.framework; path = Result.framework; sourceTree = BUILT_PRODUCTS_DIR; };
		E48F15AC1F74687200A36904 /* SCLAlertView.framework */ = {isa = PBXFileReference; explicitFileType = wrapper.framework; path = SCLAlertView.framework; sourceTree = BUILT_PRODUCTS_DIR; };
		E48F15AD1F74687200A36904 /* SDWebImage.framework */ = {isa = PBXFileReference; explicitFileType = wrapper.framework; path = SDWebImage.framework; sourceTree = BUILT_PRODUCTS_DIR; };
		E48F15AE1F74687200A36904 /* SkyFloatingLabelTextField.framework */ = {isa = PBXFileReference; explicitFileType = wrapper.framework; path = SkyFloatingLabelTextField.framework; sourceTree = BUILT_PRODUCTS_DIR; };
		E48F15AF1F74687200A36904 /* SnapKit.framework */ = {isa = PBXFileReference; explicitFileType = wrapper.framework; path = SnapKit.framework; sourceTree = BUILT_PRODUCTS_DIR; };
		E48F15B01F74687200A36904 /* Spring.framework */ = {isa = PBXFileReference; explicitFileType = wrapper.framework; path = Spring.framework; sourceTree = BUILT_PRODUCTS_DIR; };
		E48F15B11F74687200A36904 /* SwiftDate.framework */ = {isa = PBXFileReference; explicitFileType = wrapper.framework; path = SwiftDate.framework; sourceTree = BUILT_PRODUCTS_DIR; };
		E48F15B21F74687200A36904 /* SwiftMessages.framework */ = {isa = PBXFileReference; explicitFileType = wrapper.framework; path = SwiftMessages.framework; sourceTree = BUILT_PRODUCTS_DIR; };
		E48F15B31F74687200A36904 /* SwiftyJSON.framework */ = {isa = PBXFileReference; explicitFileType = wrapper.framework; path = SwiftyJSON.framework; sourceTree = BUILT_PRODUCTS_DIR; };
		E48F15B41F74687200A36904 /* UICircularProgressRing.framework */ = {isa = PBXFileReference; explicitFileType = wrapper.framework; path = UICircularProgressRing.framework; sourceTree = BUILT_PRODUCTS_DIR; };
		E48F15B51F74687200A36904 /* XLPagerTabStrip.framework */ = {isa = PBXFileReference; explicitFileType = wrapper.framework; path = XLPagerTabStrip.framework; sourceTree = BUILT_PRODUCTS_DIR; };
		E49321871F5D32E800C65067 /* .travis.yml */ = {isa = PBXFileReference; explicitFileType = text.script.ruby; fileEncoding = 4; path = .travis.yml; sourceTree = "<group>"; };
		E49522981F96C4A900C17A83 /* MenuAbout.png */ = {isa = PBXFileReference; lastKnownFileType = image.png; path = MenuAbout.png; sourceTree = "<group>"; };
		E49522991F96C4AA00C17A83 /* MenuCourses.png */ = {isa = PBXFileReference; lastKnownFileType = image.png; path = MenuCourses.png; sourceTree = "<group>"; };
		E495229A1F96C4AB00C17A83 /* MenuLunch.png */ = {isa = PBXFileReference; lastKnownFileType = image.png; path = MenuLunch.png; sourceTree = "<group>"; };
		E495229B1F96C4AB00C17A83 /* MenuLogout.png */ = {isa = PBXFileReference; lastKnownFileType = image.png; path = MenuLogout.png; sourceTree = "<group>"; };
		E49522A01F96DF3900C17A83 /* Arrowhead-Right.png */ = {isa = PBXFileReference; lastKnownFileType = image.png; path = "Arrowhead-Right.png"; sourceTree = "<group>"; };
		E49E533F1F990507003011A6 /* MSIntro.png */ = {isa = PBXFileReference; lastKnownFileType = image.png; path = MSIntro.png; sourceTree = "<group>"; };
		E49E53411F995156003011A6 /* MobileServeIntroViewController.swift */ = {isa = PBXFileReference; lastKnownFileType = sourcecode.swift; path = MobileServeIntroViewController.swift; sourceTree = "<group>"; };
		E4A880BC1DF279BB00816AB7 /* MFS Logo.jpg */ = {isa = PBXFileReference; lastKnownFileType = image.jpeg; path = "MFS Logo.jpg"; sourceTree = "<group>"; };
		E4AAD1601EE8CC9E00E4E5EC /* bell.png */ = {isa = PBXFileReference; lastKnownFileType = image.png; path = bell.png; sourceTree = "<group>"; };
		E4ADC9ED1E882172002A46F7 /* Extensions.swift */ = {isa = PBXFileReference; fileEncoding = 4; lastKnownFileType = sourcecode.swift; path = Extensions.swift; sourceTree = "<group>"; };
		E4B340031F0891AE00D6039A /* ClassPagerViewController.swift */ = {isa = PBXFileReference; fileEncoding = 4; lastKnownFileType = sourcecode.swift; path = ClassPagerViewController.swift; sourceTree = "<group>"; };
		E4B340051F08942000D6039A /* classTopicViewController.swift */ = {isa = PBXFileReference; fileEncoding = 4; lastKnownFileType = sourcecode.swift; path = classTopicViewController.swift; sourceTree = "<group>"; };
		E4B340071F0905EB00D6039A /* GoogleService-Info.plist */ = {isa = PBXFileReference; fileEncoding = 4; lastKnownFileType = text.plist.xml; path = "GoogleService-Info.plist"; sourceTree = "<group>"; };
		E4B340091F0905F400D6039A /* GoogleService-Info.plist */ = {isa = PBXFileReference; fileEncoding = 4; lastKnownFileType = text.plist.xml; path = "GoogleService-Info.plist"; sourceTree = "<group>"; };
		E4BD88951F35973C0000FEF3 /* TargetPublicFunctions.swift */ = {isa = PBXFileReference; fileEncoding = 4; lastKnownFileType = sourcecode.swift; path = TargetPublicFunctions.swift; sourceTree = "<group>"; };
		E4BD88971F383A060000FEF3 /* ClassTimetableViewController.swift */ = {isa = PBXFileReference; fileEncoding = 4; lastKnownFileType = sourcecode.swift; path = ClassTimetableViewController.swift; sourceTree = "<group>"; };
		E4BD88991F397BE80000FEF3 /* TopicDetailViewController.swift */ = {isa = PBXFileReference; fileEncoding = 4; lastKnownFileType = sourcecode.swift; path = TopicDetailViewController.swift; sourceTree = "<group>"; };
		E4C46A2D1ED50CD3007F8F1A /* CourseFillViewController.swift */ = {isa = PBXFileReference; fileEncoding = 4; lastKnownFileType = sourcecode.swift; path = CourseFillViewController.swift; sourceTree = "<group>"; };
		E4CA1DAC1F5007C40061784A /* Acknowledgements.markdown */ = {isa = PBXFileReference; fileEncoding = 4; lastKnownFileType = net.daringfireball.markdown; path = Acknowledgements.markdown; sourceTree = "<group>"; };
		E4CE43981EAC36F3000D743B /* BlankDictionary.plist */ = {isa = PBXFileReference; fileEncoding = 4; lastKnownFileType = text.plist.xml; path = BlankDictionary.plist; sourceTree = "<group>"; };
		E4CE439A1EAD0D51000D743B /* LoginViewController.swift */ = {isa = PBXFileReference; fileEncoding = 4; lastKnownFileType = sourcecode.swift; path = LoginViewController.swift; sourceTree = "<group>"; };
		E4D3A1AD1E123D0200F709DC /* periodPicker.plist */ = {isa = PBXFileReference; fileEncoding = 4; lastKnownFileType = text.plist.xml; path = periodPicker.plist; sourceTree = "<group>"; };
		E4DAB5B01F6386640013D943 /* HomeworkDetailViewController.swift */ = {isa = PBXFileReference; fileEncoding = 4; lastKnownFileType = sourcecode.swift; path = HomeworkDetailViewController.swift; sourceTree = "<group>"; };
		E4E8B2191F1C5AF200913DAE /* GradeViewController.swift */ = {isa = PBXFileReference; fileEncoding = 4; lastKnownFileType = sourcecode.swift; path = GradeViewController.swift; sourceTree = "<group>"; };
		E4EBD9951F9BAAED0046CAD1 /* AirshipConfig.plist */ = {isa = PBXFileReference; lastKnownFileType = text.plist.xml; path = AirshipConfig.plist; sourceTree = "<group>"; };
		E4EEFB121DF274EA00F199BE /* Images.xcassets */ = {isa = PBXFileReference; lastKnownFileType = folder.assetcatalog; path = Images.xcassets; sourceTree = "<group>"; };
		E4F0B3741EAD1BE900C923A8 /* dayPicker.plist */ = {isa = PBXFileReference; fileEncoding = 4; lastKnownFileType = text.plist.xml; path = dayPicker.plist; sourceTree = "<group>"; };
		E4F86B2D1DF0E20C00CAD72B /* MFSMobile.app */ = {isa = PBXFileReference; explicitFileType = wrapper.application; includeInIndex = 0; path = MFSMobile.app; sourceTree = BUILT_PRODUCTS_DIR; };
		E4F86B301DF0E20C00CAD72B /* AppDelegate.swift */ = {isa = PBXFileReference; lastKnownFileType = sourcecode.swift; path = AppDelegate.swift; sourceTree = "<group>"; };
		E4F86B321DF0E20C00CAD72B /* MainViewController.swift */ = {isa = PBXFileReference; lastKnownFileType = sourcecode.swift; lineEnding = 0; path = MainViewController.swift; sourceTree = "<group>"; xcLanguageSpecificationIdentifier = xcode.lang.swift; };
		E4F86B351DF0E20C00CAD72B /* Base */ = {isa = PBXFileReference; lastKnownFileType = file.storyboard; name = Base; path = Base.lproj/Main.storyboard; sourceTree = "<group>"; };
		E4F86B381DF0E20C00CAD72B /* MFSCalender.xcdatamodel */ = {isa = PBXFileReference; lastKnownFileType = wrapper.xcdatamodel; path = MFSCalender.xcdatamodel; sourceTree = "<group>"; };
		E4F86B3A1DF0E20C00CAD72B /* Assets.xcassets */ = {isa = PBXFileReference; lastKnownFileType = folder.assetcatalog; path = Assets.xcassets; sourceTree = "<group>"; };
		E4F86B3D1DF0E20C00CAD72B /* Base */ = {isa = PBXFileReference; lastKnownFileType = file.storyboard; name = Base; path = Base.lproj/LaunchScreen.storyboard; sourceTree = "<group>"; };
		E4F86B3F1DF0E20C00CAD72B /* Info.plist */ = {isa = PBXFileReference; lastKnownFileType = text.plist.xml; path = Info.plist; sourceTree = "<group>"; };
		E4F8D4E31EF0DD2200F47525 /* HomeworkViewController.swift */ = {isa = PBXFileReference; fileEncoding = 4; lastKnownFileType = sourcecode.swift; path = HomeworkViewController.swift; sourceTree = "<group>"; };
		E4FB5A8A1F96E81000D7FED1 /* CourseBackground.jpg */ = {isa = PBXFileReference; lastKnownFileType = image.jpeg; path = CourseBackground.jpg; sourceTree = "<group>"; };
		F67135CC47E915B369ECF057 /* Pods-MFSCalendar.release.xcconfig */ = {isa = PBXFileReference; includeInIndex = 1; lastKnownFileType = text.xcconfig; name = "Pods-MFSCalendar.release.xcconfig"; path = "Pods/Target Support Files/Pods-MFSCalendar/Pods-MFSCalendar.release.xcconfig"; sourceTree = "<group>"; };
/* End PBXFileReference section */

/* Begin PBXFrameworksBuildPhase section */
		E48D4DFC1E61FC25008B0A97 /* Frameworks */ = {
			isa = PBXFrameworksBuildPhase;
			buildActionMask = 2147483647;
			files = (
				E48D4E021E61FC26008B0A97 /* NotificationCenter.framework in Frameworks */,
			);
			runOnlyForDeploymentPostprocessing = 0;
		};
		E48F154D1F745BF400A36904 /* Frameworks */ = {
			isa = PBXFrameworksBuildPhase;
			buildActionMask = 2147483647;
			files = (
			);
			runOnlyForDeploymentPostprocessing = 0;
		};
		E48F155B1F7467D900A36904 /* Frameworks */ = {
			isa = PBXFrameworksBuildPhase;
			buildActionMask = 2147483647;
			files = (
			);
			runOnlyForDeploymentPostprocessing = 0;
		};
		E4F86B2A1DF0E20C00CAD72B /* Frameworks */ = {
			isa = PBXFrameworksBuildPhase;
			buildActionMask = 2147483647;
			files = (
				9616020D2678949E980D3631 /* Pods_MFSCalendar.framework in Frameworks */,
				A81D57C8AAC5C7709E22D1CB /* Pods_MFSCalendar.framework in Frameworks */,
			);
			runOnlyForDeploymentPostprocessing = 0;
		};
/* End PBXFrameworksBuildPhase section */

/* Begin PBXGroup section */
		43D13B9644E33F1664727760 /* Pods */ = {
			isa = PBXGroup;
			children = (
				B710C5F6924F68DB86B70E20 /* Pods-MFSCalendar.debug.xcconfig */,
				F67135CC47E915B369ECF057 /* Pods-MFSCalendar.release.xcconfig */,
			);
			name = Pods;
			sourceTree = "<group>";
		};
		E472A15E1EFB6F3C00EF5A74 /* More View */ = {
			isa = PBXGroup;
			children = (
				E4BD88991F397BE80000FEF3 /* TopicDetailViewController.swift */,
				E4B340051F08942000D6039A /* classTopicViewController.swift */,
				E445E73D1EAD8B7D00794560 /* MoreViewController.swift */,
				E472A15F1EFB6F8400EF5A74 /* ClassDetailViewController.swift */,
				E4B340031F0891AE00D6039A /* ClassPagerViewController.swift */,
				E472A1611EFB72EA00EF5A74 /* SettingViewController.swift */,
				E472A1631EFB735C00EF5A74 /* ClassListViewController.swift */,
				E4E8B2191F1C5AF200913DAE /* GradeViewController.swift */,
				E49E53411F995156003011A6 /* MobileServeIntroViewController.swift */,
				E42786871F568A5F00583D1E /* AboutViewController.swift */,
				E42786891F568EB100583D1E /* ProfileViewController.swift */,
				E48B85A81F96691D000DC288 /* NewMoreViewController.swift */,
			);
			name = "More View";
			sourceTree = "<group>";
		};
		E48D4E001E61FC26008B0A97 /* Frameworks */ = {
			isa = PBXGroup;
			children = (
				E48F159A1F74687200A36904 /* Alamofire.framework */,
				E48F159B1F74687200A36904 /* DGElasticPullToRefresh.framework */,
				E48F159C1F74687200A36904 /* Down.framework */,
				E48F159D1F74687200A36904 /* DZNEmptyDataSet.framework */,
				E48F159E1F74687200A36904 /* FSCalendar.framework */,
				E48F159F1F74687200A36904 /* GoogleToolboxForMac.framework */,
				E48F15A01F74687200A36904 /* GTMSessionFetcher.framework */,
				E48F15A11F74687200A36904 /* JSQWebViewController.framework */,
				E48F15A21F74687200A36904 /* LTMorphingLabel.framework */,
				E48F15A31F74687200A36904 /* M13Checkbox.framework */,
				E48F15A41F74687200A36904 /* M13ProgressSuite.framework */,
				E48F15A51F74687200A36904 /* Moya.framework */,
				E48F15A61F74687200A36904 /* nanopb.framework */,
				E48F15A71F74687200A36904 /* NVActivityIndicatorView.framework */,
				E48F15A81F74687200A36904 /* Pods_MFSCalendar.framework */,
				E48F15A91F74687200A36904 /* Protobuf.framework */,
				E48F15AA1F74687200A36904 /* ReachabilitySwift.framework */,
				E48F15AB1F74687200A36904 /* Result.framework */,
				E48F15AC1F74687200A36904 /* SCLAlertView.framework */,
				E48F15AD1F74687200A36904 /* SDWebImage.framework */,
				E48F15AE1F74687200A36904 /* SkyFloatingLabelTextField.framework */,
				E48F15AF1F74687200A36904 /* SnapKit.framework */,
				E48F15B01F74687200A36904 /* Spring.framework */,
				E48F15B11F74687200A36904 /* SwiftDate.framework */,
				E48F15B21F74687200A36904 /* SwiftMessages.framework */,
				E48F15B31F74687200A36904 /* SwiftyJSON.framework */,
				E48F15B41F74687200A36904 /* UICircularProgressRing.framework */,
				E48F15B51F74687200A36904 /* XLPagerTabStrip.framework */,
				E48D4E011E61FC26008B0A97 /* NotificationCenter.framework */,
				9C9307D95D24FE30AFAEDD40 /* Pods_MFSCalendar.framework */,
			);
			name = Frameworks;
			sourceTree = "<group>";
		};
		E48D4E031E61FC26008B0A97 /* Class Schedule Widget */ = {
			isa = PBXGroup;
			children = (
				E4B340091F0905F400D6039A /* GoogleService-Info.plist */,
				E48D4E111E620698008B0A97 /* Class Schedule.entitlements */,
				E48D4E041E61FC26008B0A97 /* TodayViewController.swift */,
				E48D4E061E61FC26008B0A97 /* MainInterface.storyboard */,
				E48D4E091E61FC26008B0A97 /* Info.plist */,
			);
			name = "Class Schedule Widget";
			path = "Class Schedule";
			sourceTree = "<group>";
		};
		E48F15511F745BF400A36904 /* MFSCalendarTests */ = {
			isa = PBXGroup;
			children = (
				E48F15521F745BF400A36904 /* MFSCalendarTests.swift */,
				E48F15541F745BF400A36904 /* Info.plist */,
			);
			path = MFSCalendarTests;
			sourceTree = "<group>";
		};
		E48F155F1F7467D900A36904 /* MFSCalendarUITests */ = {
			isa = PBXGroup;
			children = (
				E48F15601F7467D900A36904 /* MFSCalendarUITests.swift */,
				E48F15621F7467D900A36904 /* Info.plist */,
			);
			path = MFSCalendarUITests;
			sourceTree = "<group>";
		};
		E4EA9D7B1DF225FB0021A823 /* Images */ = {
			isa = PBXGroup;
			children = (
				E4775A401F9A500C002170C7 /* MenuWarning.png */,
				E49E533F1F990507003011A6 /* MSIntro.png */,
				E4FB5A8A1F96E81000D7FED1 /* CourseBackground.jpg */,
				E436EDC31F96E3A000395DA5 /* MenuService.png */,
				E49522A01F96DF3900C17A83 /* Arrowhead-Right.png */,
				E49522981F96C4A900C17A83 /* MenuAbout.png */,
				E49522991F96C4AA00C17A83 /* MenuCourses.png */,
				E495229B1F96C4AB00C17A83 /* MenuLogout.png */,
				E495229A1F96C4AB00C17A83 /* MenuLunch.png */,
				E47DA4891F819F3A005FA2FC /* AppLogo.png */,
				E41DE2F71EFA4293001155E9 /* No_homework.png */,
				E4AAD1601EE8CC9E00E4E5EC /* bell.png */,
				E413AB131EE8AF87001EB189 /* School_building.png */,
				E413AB111EE8A796001EB189 /* brush_pencil.png */,
				E413AB0F1EE89683001EB189 /* questionmark.png */,
				E413AB0D1EE89441001EB189 /* Achievement.png */,
				E44DCD911EB80E0600CEB68A /* School.jpg */,
				E45476EA1E8B3607004466D0 /* th-menu2.png */,
				E4A880BC1DF279BB00816AB7 /* MFS Logo.jpg */,
			);
			name = Images;
			sourceTree = "<group>";
		};
		E4F86B241DF0E20C00CAD72B = {
			isa = PBXGroup;
			children = (
				E49321871F5D32E800C65067 /* .travis.yml */,
				E489F6C61F5A821E00F2269F /* ProjectPublicFunctions.swift */,
				E4F86B2F1DF0E20C00CAD72B /* MFSCalendar */,
				E48D4E031E61FC26008B0A97 /* Class Schedule Widget */,
				E48F15511F745BF400A36904 /* MFSCalendarTests */,
				E48F155F1F7467D900A36904 /* MFSCalendarUITests */,
				E48D4E001E61FC26008B0A97 /* Frameworks */,
				E4F86B2E1DF0E20C00CAD72B /* Products */,
				43D13B9644E33F1664727760 /* Pods */,
			);
			sourceTree = "<group>";
			usesTabs = 0;
		};
		E4F86B2E1DF0E20C00CAD72B /* Products */ = {
			isa = PBXGroup;
			children = (
				E4F86B2D1DF0E20C00CAD72B /* MFSMobile.app */,
				E48D4DFF1E61FC25008B0A97 /* Class Schedule.appex */,
				E48F15501F745BF400A36904 /* MFSMobileTests.xctest */,
				E48F155E1F7467D900A36904 /* MFSMobileUITests.xctest */,
			);
			name = Products;
			sourceTree = "<group>";
		};
		E4F86B2F1DF0E20C00CAD72B /* MFSCalendar */ = {
			isa = PBXGroup;
			children = (
				E4EBD9951F9BAAED0046CAD1 /* AirshipConfig.plist */,
				E4CA1DAC1F5007C40061784A /* Acknowledgements.markdown */,
				E45510EE1F4D6F09001CF9BE /* GroupPossibleContent.plist */,
				E4B340071F0905EB00D6039A /* GoogleService-Info.plist */,
				E484E6541EFA33260056F2D5 /* Localizable.strings */,
				E44484D71E13A105002C68D5 /* MFSCalender.entitlements */,
				E4F86B301DF0E20C00CAD72B /* AppDelegate.swift */,
				E4F86B321DF0E20C00CAD72B /* MainViewController.swift */,
				E4C46A2D1ED50CD3007F8F1A /* CourseFillViewController.swift */,
				E4CE439A1EAD0D51000D743B /* LoginViewController.swift */,
				E453F0D01EA137D900BCE58D /* CalendarViewController.swift */,
				E4ADC9ED1E882172002A46F7 /* Extensions.swift */,
				E4F8D4E31EF0DD2200F47525 /* HomeworkViewController.swift */,
				E4DAB5B01F6386640013D943 /* HomeworkDetailViewController.swift */,
				E440F1BB1EEA7F4E004AFD0B /* MoyaNetworkLayer.swift */,
				E4BD88951F35973C0000FEF3 /* TargetPublicFunctions.swift */,
				E48D4DEF1E61F275008B0A97 /* ADayViewController.swift */,
				E4BD88971F383A060000FEF3 /* ClassTimetableViewController.swift */,
				E48CE0971F9FA6BB007B53D0 /* UserDefaults.swift */,
				E472A15E1EFB6F3C00EF5A74 /* More View */,
				E4F86B341DF0E20C00CAD72B /* Main.storyboard */,
				E4F86B3A1DF0E20C00CAD72B /* Assets.xcassets */,
				E4EA9D7B1DF225FB0021A823 /* Images */,
				E4F86B3F1DF0E20C00CAD72B /* Info.plist */,
				E484E65A1EFA337F0056F2D5 /* InfoPlist.strings */,
				E4F86B371DF0E20C00CAD72B /* MFSCalender.xcdatamodeld */,
				E4EEFB121DF274EA00F199BE /* Images.xcassets */,
				E48D4DF91E61F5EC008B0A97 /* BlankArray.plist */,
				E4CE43981EAC36F3000D743B /* BlankDictionary.plist */,
				E4F86B3C1DF0E20C00CAD72B /* LaunchScreen.storyboard */,
				E4D3A1AD1E123D0200F709DC /* periodPicker.plist */,
				E4F0B3741EAD1BE900C923A8 /* dayPicker.plist */,
			);
			name = MFSCalendar;
			path = MFSCalender;
			sourceTree = "<group>";
		};
/* End PBXGroup section */

/* Begin PBXNativeTarget section */
		E48D4DFE1E61FC25008B0A97 /* Class Schedule */ = {
			isa = PBXNativeTarget;
			buildConfigurationList = E48D4E0D1E61FC26008B0A97 /* Build configuration list for PBXNativeTarget "Class Schedule" */;
			buildPhases = (
				E48D4DFB1E61FC25008B0A97 /* Sources */,
				E48D4DFC1E61FC25008B0A97 /* Frameworks */,
				E48D4DFD1E61FC25008B0A97 /* Resources */,
				E465A32B1F96F698000303D6 /* Build Auto Increment */,
			);
			buildRules = (
			);
			dependencies = (
			);
			name = "Class Schedule";
			productName = "Class Schedule";
			productReference = E48D4DFF1E61FC25008B0A97 /* Class Schedule.appex */;
			productType = "com.apple.product-type.app-extension";
		};
		E48F154F1F745BF400A36904 /* MFSMobileTests */ = {
			isa = PBXNativeTarget;
			buildConfigurationList = E48F15571F745BF400A36904 /* Build configuration list for PBXNativeTarget "MFSMobileTests" */;
			buildPhases = (
				E48F154C1F745BF400A36904 /* Sources */,
				E48F154D1F745BF400A36904 /* Frameworks */,
				E48F154E1F745BF400A36904 /* Resources */,
			);
			buildRules = (
			);
			dependencies = (
				E48F15561F745BF400A36904 /* PBXTargetDependency */,
			);
			name = MFSMobileTests;
			productName = MFSCalendarTests;
			productReference = E48F15501F745BF400A36904 /* MFSMobileTests.xctest */;
			productType = "com.apple.product-type.bundle.unit-test";
		};
		E48F155D1F7467D900A36904 /* MFSMobileUITests */ = {
			isa = PBXNativeTarget;
			buildConfigurationList = E48F15651F7467D900A36904 /* Build configuration list for PBXNativeTarget "MFSMobileUITests" */;
			buildPhases = (
				E48F155A1F7467D900A36904 /* Sources */,
				E48F155B1F7467D900A36904 /* Frameworks */,
				E48F155C1F7467D900A36904 /* Resources */,
			);
			buildRules = (
			);
			dependencies = (
				E48F15641F7467D900A36904 /* PBXTargetDependency */,
			);
			name = MFSMobileUITests;
			productName = MFSCalendarUITests;
			productReference = E48F155E1F7467D900A36904 /* MFSMobileUITests.xctest */;
			productType = "com.apple.product-type.bundle.ui-testing";
		};
		E4F86B2C1DF0E20C00CAD72B /* MFSMobile */ = {
			isa = PBXNativeTarget;
			buildConfigurationList = E4F86B421DF0E20C00CAD72B /* Build configuration list for PBXNativeTarget "MFSMobile" */;
			buildPhases = (
				C00B6DBCAB10894AA9BA0467 /* [CP] Check Pods Manifest.lock */,
				E4F86B291DF0E20C00CAD72B /* Sources */,
				E4F86B2A1DF0E20C00CAD72B /* Frameworks */,
				E4F86B2B1DF0E20C00CAD72B /* Resources */,
				E48D4E101E61FC26008B0A97 /* Embed App Extensions */,
				E40D87BD1E8894910082523D /* Embed Watch Content */,
				38B39BD1028F8E29BE39F059 /* [CP] Embed Pods Frameworks */,
				FF0356DEF6547DA2CDAA0F62 /* [CP] Copy Pods Resources */,
				E4B3400B1F090A8A00D6039A /* ShellScript */,
				E465A32A1F96F645000303D6 /* Build Auto Increment */,
			);
			buildRules = (
			);
			dependencies = (
				E48D4E0B1E61FC26008B0A97 /* PBXTargetDependency */,
			);
			name = MFSMobile;
			productName = MFSCalender;
			productReference = E4F86B2D1DF0E20C00CAD72B /* MFSMobile.app */;
			productType = "com.apple.product-type.application";
		};
/* End PBXNativeTarget section */

/* Begin PBXProject section */
		E4F86B251DF0E20C00CAD72B /* Project object */ = {
			isa = PBXProject;
			attributes = {
				LastSwiftUpdateCheck = 0900;
				LastUpgradeCheck = 0910;
				ORGANIZATIONNAME = David;
				TargetAttributes = {
					E48D4DFE1E61FC25008B0A97 = {
						CreatedOnToolsVersion = 8.3;
						DevelopmentTeam = HWH6G9P2V2;
						ProvisioningStyle = Automatic;
						SystemCapabilities = {
							com.apple.ApplicationGroups.iOS = {
								enabled = 1;
							};
						};
					};
					E48F154F1F745BF400A36904 = {
						CreatedOnToolsVersion = 9.0;
						DevelopmentTeam = HWH6G9P2V2;
						ProvisioningStyle = Automatic;
						TestTargetID = E4F86B2C1DF0E20C00CAD72B;
					};
					E48F155D1F7467D900A36904 = {
						CreatedOnToolsVersion = 9.0;
						DevelopmentTeam = HWH6G9P2V2;
						ProvisioningStyle = Automatic;
						TestTargetID = E4F86B2C1DF0E20C00CAD72B;
					};
					E4F86B2C1DF0E20C00CAD72B = {
						CreatedOnToolsVersion = 8.1;
						DevelopmentTeam = HWH6G9P2V2;
						ProvisioningStyle = Automatic;
						SystemCapabilities = {
							com.apple.ApplicationGroups.iOS = {
								enabled = 1;
							};
							com.apple.BackgroundModes = {
								enabled = 1;
							};
							com.apple.Push = {
								enabled = 1;
							};
							com.apple.iCloud = {
								enabled = 1;
							};
						};
					};
				};
			};
			buildConfigurationList = E4F86B281DF0E20C00CAD72B /* Build configuration list for PBXProject "MFSMobile" */;
			compatibilityVersion = "Xcode 3.2";
			developmentRegion = English;
			hasScannedForEncodings = 0;
			knownRegions = (
				en,
				Base,
				"zh-Hans",
			);
			mainGroup = E4F86B241DF0E20C00CAD72B;
			productRefGroup = E4F86B2E1DF0E20C00CAD72B /* Products */;
			projectDirPath = "";
			projectRoot = "";
			targets = (
				E4F86B2C1DF0E20C00CAD72B /* MFSMobile */,
				E48D4DFE1E61FC25008B0A97 /* Class Schedule */,
				E48F154F1F745BF400A36904 /* MFSMobileTests */,
				E48F155D1F7467D900A36904 /* MFSMobileUITests */,
			);
		};
/* End PBXProject section */

/* Begin PBXResourcesBuildPhase section */
		E48D4DFD1E61FC25008B0A97 /* Resources */ = {
			isa = PBXResourcesBuildPhase;
			buildActionMask = 2147483647;
			files = (
				E48D4E081E61FC26008B0A97 /* MainInterface.storyboard in Resources */,
			);
			runOnlyForDeploymentPostprocessing = 0;
		};
		E48F154E1F745BF400A36904 /* Resources */ = {
			isa = PBXResourcesBuildPhase;
			buildActionMask = 2147483647;
			files = (
			);
			runOnlyForDeploymentPostprocessing = 0;
		};
		E48F155C1F7467D900A36904 /* Resources */ = {
			isa = PBXResourcesBuildPhase;
			buildActionMask = 2147483647;
			files = (
			);
			runOnlyForDeploymentPostprocessing = 0;
		};
		E4F86B2B1DF0E20C00CAD72B /* Resources */ = {
			isa = PBXResourcesBuildPhase;
			buildActionMask = 2147483647;
			files = (
				E44632501F9BB020004F8E2E /* LaunchScreen.storyboard in Resources */,
				E4775A411F9A5022002170C7 /* MenuWarning.png in Resources */,
				E49E53401F990524003011A6 /* MSIntro.png in Resources */,
				E4FB5A8B1F96E82400D7FED1 /* CourseBackground.jpg in Resources */,
				E436EDC41F96E3AF00395DA5 /* MenuService.png in Resources */,
				E49522A11F96DFA200C17A83 /* Arrowhead-Right.png in Resources */,
				E495229C1F96CD6900C17A83 /* MenuAbout.png in Resources */,
				E495229D1F96CD6900C17A83 /* MenuCourses.png in Resources */,
				E495229E1F96CD6900C17A83 /* MenuLogout.png in Resources */,
				E4EBD9961F9BAAED0046CAD1 /* AirshipConfig.plist in Resources */,
				E495229F1F96CD6900C17A83 /* MenuLunch.png in Resources */,
				E47DA48A1F81A091005FA2FC /* AppLogo.png in Resources */,
				E4765E171F7D74AF009F60F0 /* InfoPlist.strings in Resources */,
				E4CA1DAE1F50097D0061784A /* Acknowledgements.markdown in Resources */,
				E4A880BD1DF279BB00816AB7 /* MFS Logo.jpg in Resources */,
				E4F0B3751EAD1BE900C923A8 /* dayPicker.plist in Resources */,
				E4F86B3B1DF0E20C00CAD72B /* Assets.xcassets in Resources */,
				E49321881F5D32E800C65067 /* .travis.yml in Resources */,
				E413AB121EE8A796001EB189 /* brush_pencil.png in Resources */,
				E413AB101EE89683001EB189 /* questionmark.png in Resources */,
				E4EEFB131DF274EA00F199BE /* Images.xcassets in Resources */,
				E4F86B361DF0E20C00CAD72B /* Main.storyboard in Resources */,
				E45510EF1F4D6F09001CF9BE /* GroupPossibleContent.plist in Resources */,
				E4D3A1AE1E123D0200F709DC /* periodPicker.plist in Resources */,
				E44DCD921EB80E0600CEB68A /* School.jpg in Resources */,
				E413AB141EE8AF87001EB189 /* School_building.png in Resources */,
				E4CE43991EAC36F3000D743B /* BlankDictionary.plist in Resources */,
				E484E6551EFA33260056F2D5 /* Localizable.strings in Resources */,
				E48D4DFA1E61F5EC008B0A97 /* BlankArray.plist in Resources */,
				E45476EB1E8B3607004466D0 /* th-menu2.png in Resources */,
				E4AAD1611EE8CC9E00E4E5EC /* bell.png in Resources */,
				E41DE2F81EFA4293001155E9 /* No_homework.png in Resources */,
				E4B3400A1F0905F400D6039A /* GoogleService-Info.plist in Resources */,
				E413AB0E1EE89441001EB189 /* Achievement.png in Resources */,
				E4B340081F0905EB00D6039A /* GoogleService-Info.plist in Resources */,
			);
			runOnlyForDeploymentPostprocessing = 0;
		};
/* End PBXResourcesBuildPhase section */

/* Begin PBXShellScriptBuildPhase section */
		38B39BD1028F8E29BE39F059 /* [CP] Embed Pods Frameworks */ = {
			isa = PBXShellScriptBuildPhase;
			buildActionMask = 2147483647;
			files = (
			);
			inputPaths = (
				"${SRCROOT}/Pods/Target Support Files/Pods-MFSCalendar/Pods-MFSCalendar-frameworks.sh",
				"${BUILT_PRODUCTS_DIR}/Alamofire/Alamofire.framework",
				"${BUILT_PRODUCTS_DIR}/DGElasticPullToRefresh/DGElasticPullToRefresh.framework",
				"${BUILT_PRODUCTS_DIR}/DZNEmptyDataSet/DZNEmptyDataSet.framework",
				"${BUILT_PRODUCTS_DIR}/Down/Down.framework",
				"${BUILT_PRODUCTS_DIR}/FSCalendar/FSCalendar.framework",
				"${BUILT_PRODUCTS_DIR}/GTMSessionFetcher/GTMSessionFetcher.framework",
				"${BUILT_PRODUCTS_DIR}/GoogleToolboxForMac/GoogleToolboxForMac.framework",
				"${BUILT_PRODUCTS_DIR}/JSQWebViewController/JSQWebViewController.framework",
				"${BUILT_PRODUCTS_DIR}/LTMorphingLabel/LTMorphingLabel.framework",
				"${BUILT_PRODUCTS_DIR}/M13Checkbox/M13Checkbox.framework",
				"${BUILT_PRODUCTS_DIR}/M13ProgressSuite/M13ProgressSuite.framework",
				"${BUILT_PRODUCTS_DIR}/Moya/Moya.framework",
				"${BUILT_PRODUCTS_DIR}/NVActivityIndicatorView/NVActivityIndicatorView.framework",
				"${BUILT_PRODUCTS_DIR}/Protobuf/Protobuf.framework",
				"${BUILT_PRODUCTS_DIR}/RAMAnimatedTabBarController/RAMAnimatedTabBarController.framework",
				"${BUILT_PRODUCTS_DIR}/ReachabilitySwift/ReachabilitySwift.framework",
				"${BUILT_PRODUCTS_DIR}/Result/Result.framework",
				"${BUILT_PRODUCTS_DIR}/SCLAlertView/SCLAlertView.framework",
				"${BUILT_PRODUCTS_DIR}/SDWebImage/SDWebImage.framework",
				"${BUILT_PRODUCTS_DIR}/SkyFloatingLabelTextField/SkyFloatingLabelTextField.framework",
				"${BUILT_PRODUCTS_DIR}/SnapKit/SnapKit.framework",
				"${BUILT_PRODUCTS_DIR}/SwiftDate/SwiftDate.framework",
				"${BUILT_PRODUCTS_DIR}/SwiftMessages/SwiftMessages.framework",
				"${BUILT_PRODUCTS_DIR}/SwiftyJSON/SwiftyJSON.framework",
				"${BUILT_PRODUCTS_DIR}/UICircularProgressRing/UICircularProgressRing.framework",
				"${BUILT_PRODUCTS_DIR}/XLPagerTabStrip/XLPagerTabStrip.framework",
			);
			name = "[CP] Embed Pods Frameworks";
			outputPaths = (
				"${TARGET_BUILD_DIR}/${FRAMEWORKS_FOLDER_PATH}/Alamofire.framework",
				"${TARGET_BUILD_DIR}/${FRAMEWORKS_FOLDER_PATH}/DGElasticPullToRefresh.framework",
				"${TARGET_BUILD_DIR}/${FRAMEWORKS_FOLDER_PATH}/DZNEmptyDataSet.framework",
				"${TARGET_BUILD_DIR}/${FRAMEWORKS_FOLDER_PATH}/Down.framework",
				"${TARGET_BUILD_DIR}/${FRAMEWORKS_FOLDER_PATH}/FSCalendar.framework",
				"${TARGET_BUILD_DIR}/${FRAMEWORKS_FOLDER_PATH}/GTMSessionFetcher.framework",
				"${TARGET_BUILD_DIR}/${FRAMEWORKS_FOLDER_PATH}/GoogleToolboxForMac.framework",
				"${TARGET_BUILD_DIR}/${FRAMEWORKS_FOLDER_PATH}/JSQWebViewController.framework",
				"${TARGET_BUILD_DIR}/${FRAMEWORKS_FOLDER_PATH}/LTMorphingLabel.framework",
				"${TARGET_BUILD_DIR}/${FRAMEWORKS_FOLDER_PATH}/M13Checkbox.framework",
				"${TARGET_BUILD_DIR}/${FRAMEWORKS_FOLDER_PATH}/M13ProgressSuite.framework",
				"${TARGET_BUILD_DIR}/${FRAMEWORKS_FOLDER_PATH}/Moya.framework",
				"${TARGET_BUILD_DIR}/${FRAMEWORKS_FOLDER_PATH}/NVActivityIndicatorView.framework",
				"${TARGET_BUILD_DIR}/${FRAMEWORKS_FOLDER_PATH}/Protobuf.framework",
				"${TARGET_BUILD_DIR}/${FRAMEWORKS_FOLDER_PATH}/RAMAnimatedTabBarController.framework",
				"${TARGET_BUILD_DIR}/${FRAMEWORKS_FOLDER_PATH}/ReachabilitySwift.framework",
				"${TARGET_BUILD_DIR}/${FRAMEWORKS_FOLDER_PATH}/Result.framework",
				"${TARGET_BUILD_DIR}/${FRAMEWORKS_FOLDER_PATH}/SCLAlertView.framework",
				"${TARGET_BUILD_DIR}/${FRAMEWORKS_FOLDER_PATH}/SDWebImage.framework",
				"${TARGET_BUILD_DIR}/${FRAMEWORKS_FOLDER_PATH}/SkyFloatingLabelTextField.framework",
				"${TARGET_BUILD_DIR}/${FRAMEWORKS_FOLDER_PATH}/SnapKit.framework",
				"${TARGET_BUILD_DIR}/${FRAMEWORKS_FOLDER_PATH}/SwiftDate.framework",
				"${TARGET_BUILD_DIR}/${FRAMEWORKS_FOLDER_PATH}/SwiftMessages.framework",
				"${TARGET_BUILD_DIR}/${FRAMEWORKS_FOLDER_PATH}/SwiftyJSON.framework",
				"${TARGET_BUILD_DIR}/${FRAMEWORKS_FOLDER_PATH}/UICircularProgressRing.framework",
				"${TARGET_BUILD_DIR}/${FRAMEWORKS_FOLDER_PATH}/XLPagerTabStrip.framework",
			);
			runOnlyForDeploymentPostprocessing = 0;
			shellPath = /bin/sh;
			shellScript = "\"${SRCROOT}/Pods/Target Support Files/Pods-MFSCalendar/Pods-MFSCalendar-frameworks.sh\"\n";
			showEnvVarsInLog = 0;
		};
		C00B6DBCAB10894AA9BA0467 /* [CP] Check Pods Manifest.lock */ = {
			isa = PBXShellScriptBuildPhase;
			buildActionMask = 2147483647;
			files = (
			);
			inputPaths = (
				"${PODS_PODFILE_DIR_PATH}/Podfile.lock",
				"${PODS_ROOT}/Manifest.lock",
			);
			name = "[CP] Check Pods Manifest.lock";
			outputPaths = (
				"$(DERIVED_FILE_DIR)/Pods-MFSCalendar-checkManifestLockResult.txt",
			);
			runOnlyForDeploymentPostprocessing = 0;
			shellPath = /bin/sh;
			shellScript = "diff \"${PODS_ROOT}/../Podfile.lock\" \"${PODS_ROOT}/Manifest.lock\" > /dev/null\nif [ $? != 0 ] ; then\n    # print error to STDERR\n    echo \"error: The sandbox is not in sync with the Podfile.lock. Run 'pod install' or update your CocoaPods installation.\" >&2\n    exit 1\nfi\n";
			showEnvVarsInLog = 0;
		};
		E465A32A1F96F645000303D6 /* Build Auto Increment */ = {
			isa = PBXShellScriptBuildPhase;
			buildActionMask = 2147483647;
			files = (
			);
			inputPaths = (
			);
			name = "Build Auto Increment";
			outputPaths = (
			);
			runOnlyForDeploymentPostprocessing = 0;
			shellPath = /bin/sh;
			shellScript = "buildNumber=$(/usr/libexec/PlistBuddy -c \"Print CFBundleVersion\" \"${PROJECT_DIR}/${INFOPLIST_FILE}\")\nbuildNumber=$(($buildNumber + 1))\n/usr/libexec/PlistBuddy -c \"Set :CFBundleVersion $buildNumber\" \"${PROJECT_DIR}/${INFOPLIST_FILE}\"";
		};
		E465A32B1F96F698000303D6 /* Build Auto Increment */ = {
			isa = PBXShellScriptBuildPhase;
			buildActionMask = 2147483647;
			files = (
			);
			inputPaths = (
			);
			name = "Build Auto Increment";
			outputPaths = (
			);
			runOnlyForDeploymentPostprocessing = 0;
			shellPath = /bin/sh;
			shellScript = "buildNumber=$(/usr/libexec/PlistBuddy -c \"Print CFBundleVersion\" \"${PROJECT_DIR}/${INFOPLIST_FILE}\")\nbuildNumber=$(($buildNumber + 1))\n/usr/libexec/PlistBuddy -c \"Set :CFBundleVersion $buildNumber\" \"${PROJECT_DIR}/${INFOPLIST_FILE}\"";
		};
		E4B3400B1F090A8A00D6039A /* ShellScript */ = {
			isa = PBXShellScriptBuildPhase;
			buildActionMask = 2147483647;
			files = (
			);
			inputPaths = (
			);
			outputPaths = (
			);
			runOnlyForDeploymentPostprocessing = 0;
			shellPath = /bin/sh;
			shellScript = "\"${PODS_ROOT}/Fabric/run\" f9f1e5093a548340955ef1ace69696d9dce62af5 cde3f6f4e1460f69d22d1373f85cfc561a05cf3ebb06dbf2a912e0165b3caeec";
		};
		FF0356DEF6547DA2CDAA0F62 /* [CP] Copy Pods Resources */ = {
			isa = PBXShellScriptBuildPhase;
			buildActionMask = 2147483647;
			files = (
			);
			inputPaths = (
			);
			name = "[CP] Copy Pods Resources";
			outputPaths = (
			);
			runOnlyForDeploymentPostprocessing = 0;
			shellPath = /bin/sh;
			shellScript = "\"${SRCROOT}/Pods/Target Support Files/Pods-MFSCalendar/Pods-MFSCalendar-resources.sh\"\n";
			showEnvVarsInLog = 0;
		};
/* End PBXShellScriptBuildPhase section */

/* Begin PBXSourcesBuildPhase section */
		E48D4DFB1E61FC25008B0A97 /* Sources */ = {
			isa = PBXSourcesBuildPhase;
			buildActionMask = 2147483647;
			files = (
				E48D4E051E61FC26008B0A97 /* TodayViewController.swift in Sources */,
				E489F6C81F5A825A00F2269F /* ProjectPublicFunctions.swift in Sources */,
			);
			runOnlyForDeploymentPostprocessing = 0;
		};
		E48F154C1F745BF400A36904 /* Sources */ = {
			isa = PBXSourcesBuildPhase;
			buildActionMask = 2147483647;
			files = (
				E48F15531F745BF400A36904 /* MFSCalendarTests.swift in Sources */,
			);
			runOnlyForDeploymentPostprocessing = 0;
		};
		E48F155A1F7467D900A36904 /* Sources */ = {
			isa = PBXSourcesBuildPhase;
			buildActionMask = 2147483647;
			files = (
				E4B6F4C11F746AE600F56C4D /* MFSCalendarUITests.swift in Sources */,
			);
			runOnlyForDeploymentPostprocessing = 0;
		};
		E4F86B291DF0E20C00CAD72B /* Sources */ = {
			isa = PBXSourcesBuildPhase;
			buildActionMask = 2147483647;
			files = (
				E472A1641EFB735C00EF5A74 /* ClassListViewController.swift in Sources */,
				E4F86B391DF0E20C00CAD72B /* MFSCalender.xcdatamodeld in Sources */,
				E48D4DF01E61F275008B0A97 /* ADayViewController.swift in Sources */,
				E4BD889A1F397BE80000FEF3 /* TopicDetailViewController.swift in Sources */,
				E4B340041F0891AE00D6039A /* ClassPagerViewController.swift in Sources */,
				E4CE439B1EAD0D51000D743B /* LoginViewController.swift in Sources */,
				E427868A1F568EB100583D1E /* ProfileViewController.swift in Sources */,
				E4F86B331DF0E20C00CAD72B /* MainViewController.swift in Sources */,
				E4BD88981F383A060000FEF3 /* ClassTimetableViewController.swift in Sources */,
				E49E53421F995156003011A6 /* MobileServeIntroViewController.swift in Sources */,
				E4E8B21A1F1C5AF200913DAE /* GradeViewController.swift in Sources */,
				E4B340061F08942000D6039A /* classTopicViewController.swift in Sources */,
				E4BD88961F35973C0000FEF3 /* TargetPublicFunctions.swift in Sources */,
				E4ADC9EE1E882172002A46F7 /* Extensions.swift in Sources */,
				E472A1601EFB6F8400EF5A74 /* ClassDetailViewController.swift in Sources */,
				E445E73E1EAD8B7D00794560 /* MoreViewController.swift in Sources */,
				E4C46A2E1ED50CD3007F8F1A /* CourseFillViewController.swift in Sources */,
				E453F0D11EA137D900BCE58D /* CalendarViewController.swift in Sources */,
				E4F8D4E41EF0DD2200F47525 /* HomeworkViewController.swift in Sources */,
				E489F6C71F5A821E00F2269F /* ProjectPublicFunctions.swift in Sources */,
				E48B85A91F96691D000DC288 /* NewMoreViewController.swift in Sources */,
				E440F1BC1EEA7F4E004AFD0B /* MoyaNetworkLayer.swift in Sources */,
				E42786881F568A5F00583D1E /* AboutViewController.swift in Sources */,
				E48CE0981F9FA6BB007B53D0 /* UserDefaults.swift in Sources */,
				E4F86B311DF0E20C00CAD72B /* AppDelegate.swift in Sources */,
				E472A1621EFB72EA00EF5A74 /* SettingViewController.swift in Sources */,
				E4DAB5B11F6386640013D943 /* HomeworkDetailViewController.swift in Sources */,
			);
			runOnlyForDeploymentPostprocessing = 0;
		};
/* End PBXSourcesBuildPhase section */

/* Begin PBXTargetDependency section */
		E48D4E0B1E61FC26008B0A97 /* PBXTargetDependency */ = {
			isa = PBXTargetDependency;
			target = E48D4DFE1E61FC25008B0A97 /* Class Schedule */;
			targetProxy = E48D4E0A1E61FC26008B0A97 /* PBXContainerItemProxy */;
		};
		E48F15561F745BF400A36904 /* PBXTargetDependency */ = {
			isa = PBXTargetDependency;
			target = E4F86B2C1DF0E20C00CAD72B /* MFSMobile */;
			targetProxy = E48F15551F745BF400A36904 /* PBXContainerItemProxy */;
		};
		E48F15641F7467D900A36904 /* PBXTargetDependency */ = {
			isa = PBXTargetDependency;
			target = E4F86B2C1DF0E20C00CAD72B /* MFSMobile */;
			targetProxy = E48F15631F7467D900A36904 /* PBXContainerItemProxy */;
		};
/* End PBXTargetDependency section */

/* Begin PBXVariantGroup section */
		E484E65A1EFA337F0056F2D5 /* InfoPlist.strings */ = {
			isa = PBXVariantGroup;
			children = (
				E484E6591EFA337F0056F2D5 /* en */,
				E484E65B1EFA338B0056F2D5 /* zh-Hans */,
			);
			name = InfoPlist.strings;
			sourceTree = "<group>";
		};
		E48D4E061E61FC26008B0A97 /* MainInterface.storyboard */ = {
			isa = PBXVariantGroup;
			children = (
				E48C89E61F71A8EA00D01B61 /* Base */,
			);
			name = MainInterface.storyboard;
			sourceTree = "<group>";
		};
		E4F86B341DF0E20C00CAD72B /* Main.storyboard */ = {
			isa = PBXVariantGroup;
			children = (
				E4F86B351DF0E20C00CAD72B /* Base */,
			);
			name = Main.storyboard;
			sourceTree = "<group>";
		};
		E4F86B3C1DF0E20C00CAD72B /* LaunchScreen.storyboard */ = {
			isa = PBXVariantGroup;
			children = (
				E4F86B3D1DF0E20C00CAD72B /* Base */,
			);
			name = LaunchScreen.storyboard;
			sourceTree = "<group>";
		};
/* End PBXVariantGroup section */

/* Begin XCBuildConfiguration section */
		E48D4E0E1E61FC26008B0A97 /* Debug */ = {
			isa = XCBuildConfiguration;
			buildSettings = {
				ALWAYS_EMBED_SWIFT_STANDARD_LIBRARIES = NO;
				CLANG_ANALYZER_NUMBER_OBJECT_CONVERSION = YES_AGGRESSIVE;
				CODE_SIGN_ENTITLEMENTS = "Class Schedule/Class Schedule.entitlements";
				DEVELOPMENT_TEAM = HWH6G9P2V2;
				INFOPLIST_FILE = "Class Schedule/Info.plist";
				IPHONEOS_DEPLOYMENT_TARGET = 8.0;
				LD_RUNPATH_SEARCH_PATHS = "$(inherited) @executable_path/Frameworks @executable_path/../../Frameworks";
				PRODUCT_BUNDLE_IDENTIFIER = org.dwei.ClassSchedule;
				PRODUCT_NAME = "$(TARGET_NAME)";
				SKIP_INSTALL = YES;
				SWIFT_VERSION = 4.0;
				TARGETED_DEVICE_FAMILY = "1,2";
			};
			name = Debug;
		};
		E48D4E0F1E61FC26008B0A97 /* Release */ = {
			isa = XCBuildConfiguration;
			buildSettings = {
				ALWAYS_EMBED_SWIFT_STANDARD_LIBRARIES = NO;
				CLANG_ANALYZER_NUMBER_OBJECT_CONVERSION = YES_AGGRESSIVE;
				CODE_SIGN_ENTITLEMENTS = "Class Schedule/Class Schedule.entitlements";
				DEVELOPMENT_TEAM = HWH6G9P2V2;
				INFOPLIST_FILE = "Class Schedule/Info.plist";
				IPHONEOS_DEPLOYMENT_TARGET = 8.0;
				LD_RUNPATH_SEARCH_PATHS = "$(inherited) @executable_path/Frameworks @executable_path/../../Frameworks";
				PRODUCT_BUNDLE_IDENTIFIER = org.dwei.ClassSchedule;
				PRODUCT_NAME = "$(TARGET_NAME)";
				SKIP_INSTALL = YES;
				SWIFT_VERSION = 4.0;
				TARGETED_DEVICE_FAMILY = "1,2";
			};
			name = Release;
		};
		E48F15581F745BF400A36904 /* Debug */ = {
			isa = XCBuildConfiguration;
			buildSettings = {
				BUNDLE_LOADER = "$(TEST_HOST)";
				CLANG_ANALYZER_NUMBER_OBJECT_CONVERSION = YES_AGGRESSIVE;
				CLANG_CXX_LANGUAGE_STANDARD = "gnu++14";
				CLANG_WARN_UNGUARDED_AVAILABILITY = YES_AGGRESSIVE;
				CODE_SIGN_IDENTITY = "iPhone Developer";
				CODE_SIGN_STYLE = Automatic;
				DEBUG_INFORMATION_FORMAT = dwarf;
				DEVELOPMENT_TEAM = HWH6G9P2V2;
				GCC_C_LANGUAGE_STANDARD = gnu11;
				INFOPLIST_FILE = MFSCalendarTests/Info.plist;
				IPHONEOS_DEPLOYMENT_TARGET = 11.0;
				LD_RUNPATH_SEARCH_PATHS = "$(inherited) @executable_path/Frameworks @loader_path/Frameworks";
				PRODUCT_BUNDLE_IDENTIFIER = org.dwei.MFSCalendarTests;
				PRODUCT_NAME = "$(TARGET_NAME)";
				SWIFT_VERSION = 4.0;
				TARGETED_DEVICE_FAMILY = "1,2";
				TEST_HOST = "$(BUILT_PRODUCTS_DIR)/MFSMobile.app/MFSMobile";
			};
			name = Debug;
		};
		E48F15591F745BF400A36904 /* Release */ = {
			isa = XCBuildConfiguration;
			buildSettings = {
				BUNDLE_LOADER = "$(TEST_HOST)";
				CLANG_ANALYZER_NUMBER_OBJECT_CONVERSION = YES_AGGRESSIVE;
				CLANG_CXX_LANGUAGE_STANDARD = "gnu++14";
				CLANG_WARN_UNGUARDED_AVAILABILITY = YES_AGGRESSIVE;
				CODE_SIGN_IDENTITY = "iPhone Developer";
				CODE_SIGN_STYLE = Automatic;
				DEVELOPMENT_TEAM = HWH6G9P2V2;
				GCC_C_LANGUAGE_STANDARD = gnu11;
				INFOPLIST_FILE = MFSCalendarTests/Info.plist;
				IPHONEOS_DEPLOYMENT_TARGET = 11.0;
				LD_RUNPATH_SEARCH_PATHS = "$(inherited) @executable_path/Frameworks @loader_path/Frameworks";
				PRODUCT_BUNDLE_IDENTIFIER = org.dwei.MFSCalendarTests;
				PRODUCT_NAME = "$(TARGET_NAME)";
				SWIFT_VERSION = 4.0;
				TARGETED_DEVICE_FAMILY = "1,2";
				TEST_HOST = "$(BUILT_PRODUCTS_DIR)/MFSMobile.app/MFSMobile";
			};
			name = Release;
		};
		E48F15661F7467D900A36904 /* Debug */ = {
			isa = XCBuildConfiguration;
			buildSettings = {
				CLANG_ANALYZER_NUMBER_OBJECT_CONVERSION = YES_AGGRESSIVE;
				CLANG_CXX_LANGUAGE_STANDARD = "gnu++14";
				CLANG_WARN_UNGUARDED_AVAILABILITY = YES_AGGRESSIVE;
				CODE_SIGN_IDENTITY = "iPhone Developer";
				CODE_SIGN_STYLE = Automatic;
				DEBUG_INFORMATION_FORMAT = dwarf;
				DEVELOPMENT_TEAM = HWH6G9P2V2;
				GCC_C_LANGUAGE_STANDARD = gnu11;
				INFOPLIST_FILE = MFSCalendarUITests/Info.plist;
				IPHONEOS_DEPLOYMENT_TARGET = 11.0;
				LD_RUNPATH_SEARCH_PATHS = "$(inherited) @executable_path/Frameworks @loader_path/Frameworks";
				PRODUCT_BUNDLE_IDENTIFIER = org.dwei.MFSCalendarUITests;
				PRODUCT_NAME = "$(TARGET_NAME)";
				SWIFT_VERSION = 4.0;
				TARGETED_DEVICE_FAMILY = "1,2";
				TEST_TARGET_NAME = MFSCalendar;
			};
			name = Debug;
		};
		E48F15671F7467D900A36904 /* Release */ = {
			isa = XCBuildConfiguration;
			buildSettings = {
				CLANG_ANALYZER_NUMBER_OBJECT_CONVERSION = YES_AGGRESSIVE;
				CLANG_CXX_LANGUAGE_STANDARD = "gnu++14";
				CLANG_WARN_UNGUARDED_AVAILABILITY = YES_AGGRESSIVE;
				CODE_SIGN_IDENTITY = "iPhone Developer";
				CODE_SIGN_STYLE = Automatic;
				DEVELOPMENT_TEAM = HWH6G9P2V2;
				GCC_C_LANGUAGE_STANDARD = gnu11;
				INFOPLIST_FILE = MFSCalendarUITests/Info.plist;
				IPHONEOS_DEPLOYMENT_TARGET = 11.0;
				LD_RUNPATH_SEARCH_PATHS = "$(inherited) @executable_path/Frameworks @loader_path/Frameworks";
				PRODUCT_BUNDLE_IDENTIFIER = org.dwei.MFSCalendarUITests;
				PRODUCT_NAME = "$(TARGET_NAME)";
				SWIFT_VERSION = 4.0;
				TARGETED_DEVICE_FAMILY = "1,2";
				TEST_TARGET_NAME = MFSCalendar;
			};
			name = Release;
		};
		E4F86B401DF0E20C00CAD72B /* Debug */ = {
			isa = XCBuildConfiguration;
			buildSettings = {
				ALWAYS_EMBED_SWIFT_STANDARD_LIBRARIES = YES;
				ALWAYS_SEARCH_USER_PATHS = NO;
				CLANG_ANALYZER_LOCALIZABILITY_NONLOCALIZED = YES;
				CLANG_ANALYZER_NONNULL = YES;
				CLANG_CXX_LANGUAGE_STANDARD = "gnu++0x";
				CLANG_CXX_LIBRARY = "libc++";
				CLANG_ENABLE_MODULES = YES;
				CLANG_ENABLE_OBJC_ARC = YES;
				CLANG_WARN_BLOCK_CAPTURE_AUTORELEASING = YES;
				CLANG_WARN_BOOL_CONVERSION = YES;
				CLANG_WARN_COMMA = YES;
				CLANG_WARN_CONSTANT_CONVERSION = YES;
				CLANG_WARN_DIRECT_OBJC_ISA_USAGE = YES_ERROR;
				CLANG_WARN_DOCUMENTATION_COMMENTS = YES;
				CLANG_WARN_EMPTY_BODY = YES;
				CLANG_WARN_ENUM_CONVERSION = YES;
				CLANG_WARN_INFINITE_RECURSION = YES;
				CLANG_WARN_INT_CONVERSION = YES;
				CLANG_WARN_NON_LITERAL_NULL_CONVERSION = YES;
				CLANG_WARN_OBJC_LITERAL_CONVERSION = YES;
				CLANG_WARN_OBJC_ROOT_CLASS = YES_ERROR;
				CLANG_WARN_RANGE_LOOP_ANALYSIS = YES;
				CLANG_WARN_STRICT_PROTOTYPES = YES;
				CLANG_WARN_SUSPICIOUS_MOVE = YES;
				CLANG_WARN_SUSPICIOUS_MOVES = YES;
				CLANG_WARN_UNREACHABLE_CODE = YES;
				CLANG_WARN__DUPLICATE_METHOD_MATCH = YES;
				"CODE_SIGN_IDENTITY[sdk=iphoneos*]" = "iPhone Developer";
				COPY_PHASE_STRIP = NO;
				DEBUG_INFORMATION_FORMAT = "dwarf-with-dsym";
				ENABLE_STRICT_OBJC_MSGSEND = YES;
				ENABLE_TESTABILITY = YES;
				GCC_C_LANGUAGE_STANDARD = gnu99;
				GCC_DYNAMIC_NO_PIC = NO;
				GCC_NO_COMMON_BLOCKS = YES;
				GCC_OPTIMIZATION_LEVEL = 0;
				GCC_PREPROCESSOR_DEFINITIONS = (
					"DEBUG=1",
					"$(inherited)",
				);
				GCC_WARN_64_TO_32_BIT_CONVERSION = YES;
				GCC_WARN_ABOUT_RETURN_TYPE = YES_ERROR;
				GCC_WARN_UNDECLARED_SELECTOR = YES;
				GCC_WARN_UNINITIALIZED_AUTOS = YES_AGGRESSIVE;
				GCC_WARN_UNUSED_FUNCTION = YES;
				GCC_WARN_UNUSED_VARIABLE = YES;
				MTL_ENABLE_DEBUG_INFO = YES;
				ONLY_ACTIVE_ARCH = YES;
				SDKROOT = iphoneos;
				SWIFT_ACTIVE_COMPILATION_CONDITIONS = DEBUG;
				SWIFT_OPTIMIZATION_LEVEL = "-Onone";
				SWIFT_VERSION = 4.0;
				TARGETED_DEVICE_FAMILY = 1;
			};
			name = Debug;
		};
		E4F86B411DF0E20C00CAD72B /* Release */ = {
			isa = XCBuildConfiguration;
			buildSettings = {
				ALWAYS_EMBED_SWIFT_STANDARD_LIBRARIES = YES;
				ALWAYS_SEARCH_USER_PATHS = NO;
				CLANG_ANALYZER_LOCALIZABILITY_NONLOCALIZED = YES;
				CLANG_ANALYZER_NONNULL = YES;
				CLANG_CXX_LANGUAGE_STANDARD = "gnu++0x";
				CLANG_CXX_LIBRARY = "libc++";
				CLANG_ENABLE_MODULES = YES;
				CLANG_ENABLE_OBJC_ARC = YES;
				CLANG_WARN_BLOCK_CAPTURE_AUTORELEASING = YES;
				CLANG_WARN_BOOL_CONVERSION = YES;
				CLANG_WARN_COMMA = YES;
				CLANG_WARN_CONSTANT_CONVERSION = YES;
				CLANG_WARN_DIRECT_OBJC_ISA_USAGE = YES_ERROR;
				CLANG_WARN_DOCUMENTATION_COMMENTS = YES;
				CLANG_WARN_EMPTY_BODY = YES;
				CLANG_WARN_ENUM_CONVERSION = YES;
				CLANG_WARN_INFINITE_RECURSION = YES;
				CLANG_WARN_INT_CONVERSION = YES;
				CLANG_WARN_NON_LITERAL_NULL_CONVERSION = YES;
				CLANG_WARN_OBJC_LITERAL_CONVERSION = YES;
				CLANG_WARN_OBJC_ROOT_CLASS = YES_ERROR;
				CLANG_WARN_RANGE_LOOP_ANALYSIS = YES;
				CLANG_WARN_STRICT_PROTOTYPES = YES;
				CLANG_WARN_SUSPICIOUS_MOVE = YES;
				CLANG_WARN_SUSPICIOUS_MOVES = YES;
				CLANG_WARN_UNREACHABLE_CODE = YES;
				CLANG_WARN__DUPLICATE_METHOD_MATCH = YES;
				"CODE_SIGN_IDENTITY[sdk=iphoneos*]" = "iPhone Developer";
				COPY_PHASE_STRIP = NO;
				DEBUG_INFORMATION_FORMAT = "dwarf-with-dsym";
				ENABLE_NS_ASSERTIONS = NO;
				ENABLE_STRICT_OBJC_MSGSEND = YES;
				GCC_C_LANGUAGE_STANDARD = gnu99;
				GCC_NO_COMMON_BLOCKS = YES;
				GCC_WARN_64_TO_32_BIT_CONVERSION = YES;
				GCC_WARN_ABOUT_RETURN_TYPE = YES_ERROR;
				GCC_WARN_UNDECLARED_SELECTOR = YES;
				GCC_WARN_UNINITIALIZED_AUTOS = YES_AGGRESSIVE;
				GCC_WARN_UNUSED_FUNCTION = YES;
				GCC_WARN_UNUSED_VARIABLE = YES;
				MTL_ENABLE_DEBUG_INFO = NO;
				SDKROOT = iphoneos;
				SWIFT_OPTIMIZATION_LEVEL = "-Owholemodule";
				SWIFT_VERSION = 4.0;
				TARGETED_DEVICE_FAMILY = 1;
				VALIDATE_PRODUCT = YES;
			};
			name = Release;
		};
		E4F86B431DF0E20C00CAD72B /* Debug */ = {
			isa = XCBuildConfiguration;
			baseConfigurationReference = B710C5F6924F68DB86B70E20 /* Pods-MFSCalendar.debug.xcconfig */;
			buildSettings = {
				ALWAYS_EMBED_SWIFT_STANDARD_LIBRARIES = YES;
				ASSETCATALOG_COMPILER_APPICON_NAME = "AppIcon-Plan D";
				CODE_SIGN_ENTITLEMENTS = MFSCalender/MFSCalender.entitlements;
				DEVELOPMENT_TEAM = HWH6G9P2V2;
				INFOPLIST_FILE = MFSCalender/Info.plist;
				IPHONEOS_DEPLOYMENT_TARGET = 8.0;
				LD_RUNPATH_SEARCH_PATHS = "$(inherited) @executable_path/Frameworks";
				PRODUCT_BUNDLE_IDENTIFIER = org.dwei;
				PRODUCT_NAME = "$(TARGET_NAME)";
				SWIFT_VERSION = 4.0;
				TARGETED_DEVICE_FAMILY = "1,2";
			};
			name = Debug;
		};
		E4F86B441DF0E20C00CAD72B /* Release */ = {
			isa = XCBuildConfiguration;
			baseConfigurationReference = F67135CC47E915B369ECF057 /* Pods-MFSCalendar.release.xcconfig */;
			buildSettings = {
				ALWAYS_EMBED_SWIFT_STANDARD_LIBRARIES = YES;
				ASSETCATALOG_COMPILER_APPICON_NAME = "AppIcon-Plan D";
				CODE_SIGN_ENTITLEMENTS = MFSCalender/MFSCalender.entitlements;
				DEVELOPMENT_TEAM = HWH6G9P2V2;
				INFOPLIST_FILE = MFSCalender/Info.plist;
				IPHONEOS_DEPLOYMENT_TARGET = 8.0;
				LD_RUNPATH_SEARCH_PATHS = "$(inherited) @executable_path/Frameworks";
				PRODUCT_BUNDLE_IDENTIFIER = org.dwei;
				PRODUCT_NAME = "$(TARGET_NAME)";
				SWIFT_VERSION = 4.0;
				TARGETED_DEVICE_FAMILY = "1,2";
			};
			name = Release;
		};
/* End XCBuildConfiguration section */

/* Begin XCConfigurationList section */
		E48D4E0D1E61FC26008B0A97 /* Build configuration list for PBXNativeTarget "Class Schedule" */ = {
			isa = XCConfigurationList;
			buildConfigurations = (
				E48D4E0E1E61FC26008B0A97 /* Debug */,
				E48D4E0F1E61FC26008B0A97 /* Release */,
			);
			defaultConfigurationIsVisible = 0;
			defaultConfigurationName = Release;
		};
		E48F15571F745BF400A36904 /* Build configuration list for PBXNativeTarget "MFSMobileTests" */ = {
			isa = XCConfigurationList;
			buildConfigurations = (
				E48F15581F745BF400A36904 /* Debug */,
				E48F15591F745BF400A36904 /* Release */,
			);
			defaultConfigurationIsVisible = 0;
			defaultConfigurationName = Release;
		};
		E48F15651F7467D900A36904 /* Build configuration list for PBXNativeTarget "MFSMobileUITests" */ = {
			isa = XCConfigurationList;
			buildConfigurations = (
				E48F15661F7467D900A36904 /* Debug */,
				E48F15671F7467D900A36904 /* Release */,
			);
			defaultConfigurationIsVisible = 0;
			defaultConfigurationName = Release;
		};
		E4F86B281DF0E20C00CAD72B /* Build configuration list for PBXProject "MFSMobile" */ = {
			isa = XCConfigurationList;
			buildConfigurations = (
				E4F86B401DF0E20C00CAD72B /* Debug */,
				E4F86B411DF0E20C00CAD72B /* Release */,
			);
			defaultConfigurationIsVisible = 0;
			defaultConfigurationName = Release;
		};
		E4F86B421DF0E20C00CAD72B /* Build configuration list for PBXNativeTarget "MFSMobile" */ = {
			isa = XCConfigurationList;
			buildConfigurations = (
				E4F86B431DF0E20C00CAD72B /* Debug */,
				E4F86B441DF0E20C00CAD72B /* Release */,
			);
			defaultConfigurationIsVisible = 0;
			defaultConfigurationName = Release;
		};
/* End XCConfigurationList section */

/* Begin XCVersionGroup section */
		E4F86B371DF0E20C00CAD72B /* MFSCalender.xcdatamodeld */ = {
			isa = XCVersionGroup;
			children = (
				E4F86B381DF0E20C00CAD72B /* MFSCalender.xcdatamodel */,
			);
			currentVersion = E4F86B381DF0E20C00CAD72B /* MFSCalender.xcdatamodel */;
			path = MFSCalender.xcdatamodeld;
			sourceTree = "<group>";
			versionGroupType = wrapper.xcdatamodel;
		};
/* End XCVersionGroup section */
	};
	rootObject = E4F86B251DF0E20C00CAD72B /* Project object */;
}
